
Microsoft Visual Studio Solution File, Format Version 12.00
# Visual Studio Version 17
VisualStudioVersion = 17.1.32319.34
MinimumVisualStudioVersion = 10.0.40219.1
Project("{FAE04EC0-301F-11D3-BF4B-00C04F79EFBC}") = "element", "element\element.csproj", "{172B51A7-28B9-4108-BCCC-5955E17E71BF}"
EndProject
Project("{FAE04EC0-301F-11D3-BF4B-00C04F79EFBC}") = "Forms", "Forms\Forms.csproj", "{6562D748-2D97-415D-96A9-2B77558F036A}"
EndProject
Project("{FAE04EC0-301F-11D3-BF4B-00C04F79EFBC}") = "Alert_Windows_Frame", "Alert_Windows_Frame\Alert_Windows_Frame.csproj", "{BD1F842B-CF1B-429F-96C9-1EB41EBD2289}"
EndProject
Project("{FAE04EC0-301F-11D3-BF4B-00C04F79EFBC}") = "Widget", "Widget\Widget.csproj", "{E66511F6-7810-4D9B-AC7B-C110630C077B}"
EndProject
Project("{FAE04EC0-301F-11D3-BF4B-00C04F79EFBC}") = "Interaction", "Interaction\Interaction.csproj", "{0D0F5DF1-551B-4528-80F6-E0FE4158EDB0}"
EndProject
Global
	GlobalSection(SolutionConfigurationPlatforms) = preSolution
		Debug|Any CPU = Debug|Any CPU
		Release|Any CPU = Release|Any CPU
	EndGlobalSection
	GlobalSection(ProjectConfigurationPlatforms) = postSolution
		{172B51A7-28B9-4108-BCCC-5955E17E71BF}.Debug|Any CPU.ActiveCfg = Debug|Any CPU
		{172B51A7-28B9-4108-BCCC-5955E17E71BF}.Debug|Any CPU.Build.0 = Debug|Any CPU
		{172B51A7-28B9-4108-BCCC-5955E17E71BF}.Release|Any CPU.ActiveCfg = Release|Any CPU
		{172B51A7-28B9-4108-BCCC-5955E17E71BF}.Release|Any CPU.Build.0 = Release|Any CPU
		{6562D748-2D97-415D-96A9-2B77558F036A}.Debug|Any CPU.ActiveCfg = Debug|Any CPU
		{6562D748-2D97-415D-96A9-2B77558F036A}.Debug|Any CPU.Build.0 = Debug|Any CPU
		{6562D748-2D97-415D-96A9-2B77558F036A}.Release|Any CPU.ActiveCfg = Release|Any CPU
		{6562D748-2D97-415D-96A9-2B77558F036A}.Release|Any CPU.Build.0 = Release|Any CPU
		{BD1F842B-CF1B-429F-96C9-1EB41EBD2289}.Debug|Any CPU.ActiveCfg = Debug|Any CPU
		{BD1F842B-CF1B-429F-96C9-1EB41EBD2289}.Debug|Any CPU.Build.0 = Debug|Any CPU
		{BD1F842B-CF1B-429F-96C9-1EB41EBD2289}.Release|Any CPU.ActiveCfg = Release|Any CPU
		{BD1F842B-CF1B-429F-96C9-1EB41EBD2289}.Release|Any CPU.Build.0 = Release|Any CPU
		{E66511F6-7810-4D9B-AC7B-C110630C077B}.Debug|Any CPU.ActiveCfg = Debug|Any CPU
		{E66511F6-7810-4D9B-AC7B-C110630C077B}.Debug|Any CPU.Build.0 = Debug|Any CPU
		{E66511F6-7810-4D9B-AC7B-C110630C077B}.Release|Any CPU.ActiveCfg = Release|Any CPU
		{E66511F6-7810-4D9B-AC7B-C110630C077B}.Release|Any CPU.Build.0 = Release|Any CPU
		{0D0F5DF1-551B-4528-80F6-E0FE4158EDB0}.Debug|Any CPU.ActiveCfg = Debug|Any CPU
		{0D0F5DF1-551B-4528-80F6-E0FE4158EDB0}.Debug|Any CPU.Build.0 = Debug|Any CPU
		{0D0F5DF1-551B-4528-80F6-E0FE4158EDB0}.Release|Any CPU.ActiveCfg = Release|Any CPU
		{0D0F5DF1-551B-4528-80F6-E0FE4158EDB0}.Release|Any CPU.Build.0 = Release|Any CPU
	EndGlobalSection
	GlobalSection(SolutionProperties) = preSolution
		HideSolutionNode = FALSE
	EndGlobalSection
	GlobalSection(ExtensibilityGlobals) = postSolution
		SolutionGuid = {07340305-210B-44AE-B9AE-8B126E6C405E}
	EndGlobalSection
EndGlobal
